
Microsoft Visual Studio Solution File, Format Version 12.00
# Visual Studio Version 16
VisualStudioVersion = 16.0.31229.75
MinimumVisualStudioVersion = 10.0.40219.1
Project("{8BC9CEB8-8B4A-11D0-8D11-00A0C91BC942}") = "SK-Lib-cmath-sinh-Bagian4__CPP", "SK-Lib-cmath-sinh-Bagian4__CPP\SK-Lib-cmath-sinh-Bagian4__CPP.vcxproj", "{8DC7AB5F-1F59-4211-BDEB-D67C1473F3EC}"
EndProject
Global
	GlobalSection(SolutionConfigurationPlatforms) = preSolution
		Debug|x64 = Debug|x64
		Debug|x86 = Debug|x86
		Release|x64 = Release|x64
		Release|x86 = Release|x86
	EndGlobalSection
	GlobalSection(ProjectConfigurationPlatforms) = postSolution
		{8DC7AB5F-1F59-4211-BDEB-D67C1473F3EC}.Debug|x64.ActiveCfg = Debug|x64
		{8DC7AB5F-1F59-4211-BDEB-D67C1473F3EC}.Debug|x64.Build.0 = Debug|x64
		{8DC7AB5F-1F59-4211-BDEB-D67C1473F3EC}.Debug|x86.ActiveCfg = Debug|Win32
		{8DC7AB5F-1F59-4211-BDEB-D67C1473F3EC}.Debug|x86.Build.0 = Debug|Win32
		{8DC7AB5F-1F59-4211-BDEB-D67C1473F3EC}.Release|x64.ActiveCfg = Release|x64
		{8DC7AB5F-1F59-4211-BDEB-D67C1473F3EC}.Release|x64.Build.0 = Release|x64
		{8DC7AB5F-1F59-4211-BDEB-D67C1473F3EC}.Release|x86.ActiveCfg = Release|Win32
		{8DC7AB5F-1F59-4211-BDEB-D67C1473F3EC}.Release|x86.Build.0 = Release|Win32
	EndGlobalSection
	GlobalSection(SolutionProperties) = preSolution
		HideSolutionNode = FALSE
	EndGlobalSection
	GlobalSection(ExtensibilityGlobals) = postSolution
		SolutionGuid = {FB63F4B0-5445-43D6-AA67-B02F06A46910}
	EndGlobalSection
EndGlobal
